// !$*UTF8*$!
{
	archiveVersion = 1;
	classes = {
	};
	objectVersion = 50;
	objects = {

/* Begin PBXBuildFile section */
		4433CF9520B6F8F6007B34E5 /* SceneType.swift in Sources */ = {isa = PBXBuildFile; fileRef = 4433CF9420B6F8F6007B34E5 /* SceneType.swift */; };
		4498D4C820AB0CCB00D2660E /* AppDelegate.swift in Sources */ = {isa = PBXBuildFile; fileRef = 4498D4C720AB0CCB00D2660E /* AppDelegate.swift */; };
		4498D4CA20AB0CCB00D2660E /* ViewController.swift in Sources */ = {isa = PBXBuildFile; fileRef = 4498D4C920AB0CCB00D2660E /* ViewController.swift */; };
		4498D4CD20AB0CCB00D2660E /* Main.storyboard in Resources */ = {isa = PBXBuildFile; fileRef = 4498D4CB20AB0CCB00D2660E /* Main.storyboard */; };
		4498D4CF20AB0CCD00D2660E /* Assets.xcassets in Resources */ = {isa = PBXBuildFile; fileRef = 4498D4CE20AB0CCD00D2660E /* Assets.xcassets */; };
		4498D4D220AB0CCD00D2660E /* LaunchScreen.storyboard in Resources */ = {isa = PBXBuildFile; fileRef = 4498D4D020AB0CCD00D2660E /* LaunchScreen.storyboard */; };
		44B52AEB20B7F041005950C5 /* GoogLeNetPlaces.mlmodel in Sources */ = {isa = PBXBuildFile; fileRef = 44B52AEA20B7F041005950C5 /* GoogLeNetPlaces.mlmodel */; };
/* End PBXBuildFile section */

/* Begin PBXFileReference section */
		4433CF9420B6F8F6007B34E5 /* SceneType.swift */ = {isa = PBXFileReference; lastKnownFileType = sourcecode.swift; path = SceneType.swift; sourceTree = "<group>"; };
		4498D4C420AB0CCB00D2660E /* VisionIntroduction.app */ = {isa = PBXFileReference; explicitFileType = wrapper.application; includeInIndex = 0; path = VisionIntroduction.app; sourceTree = BUILT_PRODUCTS_DIR; };
		4498D4C720AB0CCB00D2660E /* AppDelegate.swift */ = {isa = PBXFileReference; lastKnownFileType = sourcecode.swift; path = AppDelegate.swift; sourceTree = "<group>"; };
		4498D4C920AB0CCB00D2660E /* ViewController.swift */ = {isa = PBXFileReference; lastKnownFileType = sourcecode.swift; path = ViewController.swift; sourceTree = "<group>"; };
		4498D4CC20AB0CCB00D2660E /* Base */ = {isa = PBXFileReference; lastKnownFileType = file.storyboard; name = Base; path = Base.lproj/Main.storyboard; sourceTree = "<group>"; };
		4498D4CE20AB0CCD00D2660E /* Assets.xcassets */ = {isa = PBXFileReference; lastKnownFileType = folder.assetcatalog; path = Assets.xcassets; sourceTree = "<group>"; };
		4498D4D120AB0CCD00D2660E /* Base */ = {isa = PBXFileReference; lastKnownFileType = file.storyboard; name = Base; path = Base.lproj/LaunchScreen.storyboard; sourceTree = "<group>"; };
		4498D4D320AB0CCD00D2660E /* Info.plist */ = {isa = PBXFileReference; lastKnownFileType = text.plist.xml; path = Info.plist; sourceTree = "<group>"; };
		44B52AEA20B7F041005950C5 /* GoogLeNetPlaces.mlmodel */ = {isa = PBXFileReference; lastKnownFileType = file.mlmodel; path = GoogLeNetPlaces.mlmodel; sourceTree = "<group>"; };
/* End PBXFileReference section */

/* Begin PBXFrameworksBuildPhase section */
		4498D4C120AB0CCB00D2660E /* Frameworks */ = {
			isa = PBXFrameworksBuildPhase;
			buildActionMask = 2147483647;
			files = (
			);
			runOnlyForDeploymentPostprocessing = 0;
		};
/* End PBXFrameworksBuildPhase section */

/* Begin PBXGroup section */
		4498D4BB20AB0CCB00D2660E = {
			isa = PBXGroup;
			children = (
				4498D4C620AB0CCB00D2660E /* VisionIntroduction */,
				4498D4C520AB0CCB00D2660E /* Products */,
			);
			sourceTree = "<group>";
		};
		4498D4C520AB0CCB00D2660E /* Products */ = {
			isa = PBXGroup;
			children = (
				4498D4C420AB0CCB00D2660E /* VisionIntroduction.app */,
			);
			name = Products;
			sourceTree = "<group>";
		};
		4498D4C620AB0CCB00D2660E /* VisionIntroduction */ = {
			isa = PBXGroup;
			children = (
				4498D4C720AB0CCB00D2660E /* AppDelegate.swift */,
				4498D4C920AB0CCB00D2660E /* ViewController.swift */,
				4433CF9420B6F8F6007B34E5 /* SceneType.swift */,
				4498D4CB20AB0CCB00D2660E /* Main.storyboard */,
				4498D4CE20AB0CCD00D2660E /* Assets.xcassets */,
				4498D4D020AB0CCD00D2660E /* LaunchScreen.storyboard */,
				4498D4D320AB0CCD00D2660E /* Info.plist */,
				44B52AEA20B7F041005950C5 /* GoogLeNetPlaces.mlmodel */,
			);
			path = VisionIntroduction;
			sourceTree = "<group>";
		};
/* End PBXGroup section */

/* Begin PBXNativeTarget section */
		4498D4C320AB0CCB00D2660E /* VisionIntroduction */ = {
			isa = PBXNativeTarget;
			buildConfigurationList = 4498D4D620AB0CCD00D2660E /* Build configuration list for PBXNativeTarget "VisionIntroduction" */;
			buildPhases = (
				4498D4C020AB0CCB00D2660E /* Sources */,
				4498D4C120AB0CCB00D2660E /* Frameworks */,
				4498D4C220AB0CCB00D2660E /* Resources */,
			);
			buildRules = (
			);
			dependencies = (
			);
			name = VisionIntroduction;
			productName = VisionIntroduction;
			productReference = 4498D4C420AB0CCB00D2660E /* VisionIntroduction.app */;
			productType = "com.apple.product-type.application";
		};
/* End PBXNativeTarget section */

/* Begin PBXProject section */
		4498D4BC20AB0CCB00D2660E /* Project object */ = {
			isa = PBXProject;
			attributes = {
				LastSwiftUpdateCheck = 0930;
				LastUpgradeCheck = 0930;
				ORGANIZATIONNAME = "Eugene  Mekhedov";
				TargetAttributes = {
					4498D4C320AB0CCB00D2660E = {
						CreatedOnToolsVersion = 9.3.1;
					};
				};
			};
			buildConfigurationList = 4498D4BF20AB0CCB00D2660E /* Build configuration list for PBXProject "VisionIntroduction" */;
			compatibilityVersion = "Xcode 9.3";
			developmentRegion = en;
			hasScannedForEncodings = 0;
			knownRegions = (
				en,
				Base,
			);
			mainGroup = 4498D4BB20AB0CCB00D2660E;
			productRefGroup = 4498D4C520AB0CCB00D2660E /* Products */;
			projectDirPath = "";
			projectRoot = "";
			targets = (
				4498D4C320AB0CCB00D2660E /* VisionIntroduction */,
			);
		};
/* End PBXProject section */

/* Begin PBXResourcesBuildPhase section */
		4498D4C220AB0CCB00D2660E /* Resources */ = {
			isa = PBXResourcesBuildPhase;
			buildActionMask = 2147483647;
			files = (
				4498D4D220AB0CCD00D2660E /* LaunchScreen.storyboard in Resources */,
				4498D4CF20AB0CCD00D2660E /* Assets.xcassets in Resources */,
				4498D4CD20AB0CCB00D2660E /* Main.storyboard in Resources */,
			);
			runOnlyForDeploymentPostprocessing = 0;
		};
/* End PBXResourcesBuildPhase section */

/* Begin PBXSourcesBuildPhase section */
		4498D4C020AB0CCB00D2660E /* Sources */ = {
			isa = PBXSourcesBuildPhase;
			buildActionMask = 2147483647;
			files = (
				4498D4CA20AB0CCB00D2660E /* ViewController.swift in Sources */,
				44B52AEB20B7F041005950C5 /* GoogLeNetPlaces.mlmodel in Sources */,
				4498D4C820AB0CCB00D2660E /* AppDelegate.swift in Sources */,
				4433CF9520B6F8F6007B34E5 /* SceneType.swift in Sources */,
			);
			runOnlyForDeploymentPostprocessing = 0;
		};
/* End PBXSourcesBuildPhase section */

/* Begin PBXVariantGroup section */
		4498D4CB20AB0CCB00D2660E /* Main.storyboard */ = {
			isa = PBXVariantGroup;
			children = (
				4498D4CC20AB0CCB00D2660E /* Base */,
			);
			name = Main.storyboard;
			sourceTree = "<group>";
		};
		4498D4D020AB0CCD00D2660E /* LaunchScreen.storyboard */ = {
			isa = PBXVariantGroup;
			children = (
				4498D4D120AB0CCD00D2660E /* Base */,
			);
			name = LaunchScreen.storyboard;
			sourceTree = "<group>";
		};
/* End PBXVariantGroup section */

/* Begin XCBuildConfiguration section */
		4498D4D420AB0CCD00D2660E /* Debug */ = {
			isa = XCBuildConfiguration;
			buildSettings = {
				ALWAYS_SEARCH_USER_PATHS = NO;
				CLANG_ANALYZER_NONNULL = YES;
				CLANG_ANALYZER_NUMBER_OBJECT_CONVERSION = YES_AGGRESSIVE;
				CLANG_CXX_LANGUAGE_STANDARD = "gnu++14";
				CLANG_CXX_LIBRARY = "libc++";
				CLANG_ENABLE_MODULES = YES;
				CLANG_ENABLE_OBJC_ARC = YES;
				CLANG_ENABLE_OBJC_WEAK = YES;
				CLANG_WARN_BLOCK_CAPTURE_AUTORELEASING = YES;
				CLANG_WARN_BOOL_CONVERSION = YES;
				CLANG_WARN_COMMA = YES;
				CLANG_WARN_CONSTANT_CONVERSION = YES;
				CLANG_WARN_DEPRECATED_OBJC_IMPLEMENTATIONS = YES;
				CLANG_WARN_DIRECT_OBJC_ISA_USAGE = YES_ERROR;
				CLANG_WARN_DOCUMENTATION_COMMENTS = YES;
				CLANG_WARN_EMPTY_BODY = YES;
				CLANG_WARN_ENUM_CONVERSION = YES;
				CLANG_WARN_INFINITE_RECURSION = YES;
				CLANG_WARN_INT_CONVERSION = YES;
				CLANG_WARN_NON_LITERAL_NULL_CONVERSION = YES;
				CLANG_WARN_OBJC_IMPLICIT_RETAIN_SELF = YES;
				CLANG_WARN_OBJC_LITERAL_CONVERSION = YES;
				CLANG_WARN_OBJC_ROOT_CLASS = YES_ERROR;
				CLANG_WARN_RANGE_LOOP_ANALYSIS = YES;
				CLANG_WARN_STRICT_PROTOTYPES = YES;
				CLANG_WARN_SUSPICIOUS_MOVE = YES;
				CLANG_WARN_UNGUARDED_AVAILABILITY = YES_AGGRESSIVE;
				CLANG_WARN_UNREACHABLE_CODE = YES;
				CLANG_WARN__DUPLICATE_METHOD_MATCH = YES;
				CODE_SIGN_IDENTITY = "iPhone Developer";
				COPY_PHASE_STRIP = NO;
				DEBUG_INFORMATION_FORMAT = dwarf;
				ENABLE_STRICT_OBJC_MSGSEND = YES;
				ENABLE_TESTABILITY = YES;
				GCC_C_LANGUAGE_STANDARD = gnu11;
				GCC_DYNAMIC_NO_PIC = NO;
				GCC_NO_COMMON_BLOCKS = YES;
				GCC_OPTIMIZATION_LEVEL = 0;
				GCC_PREPROCESSOR_DEFINITIONS = (
					"DEBUG=1",
					"$(inherited)",
				);
				GCC_WARN_64_TO_32_BIT_CONVERSION = YES;
				GCC_WARN_ABOUT_RETURN_TYPE = YES_ERROR;
				GCC_WARN_UNDECLARED_SELECTOR = YES;
				GCC_WARN_UNINITIALIZED_AUTOS = YES_AGGRESSIVE;
				GCC_WARN_UNUSED_FUNCTION = YES;
				GCC_WARN_UNUSED_VARIABLE = YES;
				IPHONEOS_DEPLOYMENT_TARGET = 11.3;
				MTL_ENABLE_DEBUG_INFO = YES;
				ONLY_ACTIVE_ARCH = YES;
				SDKROOT = iphoneos;
				SWIFT_ACTIVE_COMPILATION_CONDITIONS = DEBUG;
				SWIFT_OPTIMIZATION_LEVEL = "-Onone";
			};
			name = Debug;
		};
		4498D4D520AB0CCD00D2660E /* Release */ = {
			isa = XCBuildConfiguration;
			buildSettings = {
				ALWAYS_SEARCH_USER_PATHS = NO;
				CLANG_ANALYZER_NONNULL = YES;
				CLANG_ANALYZER_NUMBER_OBJECT_CONVERSION = YES_AGGRESSIVE;
				CLANG_CXX_LANGUAGE_STANDARD = "gnu++14";
				CLANG_CXX_LIBRARY = "libc++";
				CLANG_ENABLE_MODULES = YES;
				CLANG_ENABLE_OBJC_ARC = YES;
				CLANG_ENABLE_OBJC_WEAK = YES;
				CLANG_WARN_BLOCK_CAPTURE_AUTORELEASING = YES;
				CLANG_WARN_BOOL_CONVERSION = YES;
				CLANG_WARN_COMMA = YES;
				CLANG_WARN_CONSTANT_CONVERSION = YES;
				CLANG_WARN_DEPRECATED_OBJC_IMPLEMENTATIONS = YES;
				CLANG_WARN_DIRECT_OBJC_ISA_USAGE = YES_ERROR;
				CLANG_WARN_DOCUMENTATION_COMMENTS = YES;
				CLANG_WARN_EMPTY_BODY = YES;
				CLANG_WARN_ENUM_CONVERSION = YES;
				CLANG_WARN_INFINITE_RECURSION = YES;
				CLANG_WARN_INT_CONVERSION = YES;
				CLANG_WARN_NON_LITERAL_NULL_CONVERSION = YES;
				CLANG_WARN_OBJC_IMPLICIT_RETAIN_SELF = YES;
				CLANG_WARN_OBJC_LITERAL_CONVERSION = YES;
				CLANG_WARN_OBJC_ROOT_CLASS = YES_ERROR;
				CLANG_WARN_RANGE_LOOP_ANALYSIS = YES;
				CLANG_WARN_STRICT_PROTOTYPES = YES;
				CLANG_WARN_SUSPICIOUS_MOVE = YES;
				CLANG_WARN_UNGUARDED_AVAILABILITY = YES_AGGRESSIVE;
				CLANG_WARN_UNREACHABLE_CODE = YES;
				CLANG_WARN__DUPLICATE_METHOD_MATCH = YES;
				CODE_SIGN_IDENTITY = "iPhone Developer";
				COPY_PHASE_STRIP = NO;
				DEBUG_INFORMATION_FORMAT = "dwarf-with-dsym";
				ENABLE_NS_ASSERTIONS = NO;
				ENABLE_STRICT_OBJC_MSGSEND = YES;
				GCC_C_LANGUAGE_STANDARD = gnu11;
				GCC_NO_COMMON_BLOCKS = YES;
				GCC_WARN_64_TO_32_BIT_CONVERSION = YES;
				GCC_WARN_ABOUT_RETURN_TYPE = YES_ERROR;
				GCC_WARN_UNDECLARED_SELECTOR = YES;
				GCC_WARN_UNINITIALIZED_AUTOS = YES_AGGRESSIVE;
				GCC_WARN_UNUSED_FUNCTION = YES;
				GCC_WARN_UNUSED_VARIABLE = YES;
				IPHONEOS_DEPLOYMENT_TARGET = 11.3;
				MTL_ENABLE_DEBUG_INFO = NO;
				SDKROOT = iphoneos;
				SWIFT_COMPILATION_MODE = wholemodule;
				SWIFT_OPTIMIZATION_LEVEL = "-O";
				VALIDATE_PRODUCT = YES;
			};
			name = Release;
		};
		4498D4D720AB0CCD00D2660E /* Debug */ = {
			isa = XCBuildConfiguration;
			buildSettings = {
				ASSETCATALOG_COMPILER_APPICON_NAME = AppIcon;
				CODE_SIGN_STYLE = Automatic;
				DEVELOPMENT_TEAM = B236C26GVW;
				INFOPLIST_FILE = VisionIntroduction/Info.plist;
				LD_RUNPATH_SEARCH_PATHS = (
					"$(inherited)",
					"@executable_path/Frameworks",
				);
				PRODUCT_BUNDLE_IDENTIFIER = com.ATOM.test.VisionIntroduction;
				PRODUCT_NAME = "$(TARGET_NAME)";
				SWIFT_VERSION = 4.0;
				TARGETED_DEVICE_FAMILY = "1,2";
			};
			name = Debug;
		};
		4498D4D820AB0CCD00D2660E /* Release */ = {
			isa = XCBuildConfiguration;
			buildSettings = {
				ASSETCATALOG_COMPILER_APPICON_NAME = AppIcon;
				CODE_SIGN_STYLE = Automatic;
				DEVELOPMENT_TEAM = B236C26GVW;
				INFOPLIST_FILE = VisionIntroduction/Info.plist;
				LD_RUNPATH_SEARCH_PATHS = (
					"$(inherited)",
					"@executable_path/Frameworks",
				);
				PRODUCT_BUNDLE_IDENTIFIER = com.ATOM.test.VisionIntroduction;
				PRODUCT_NAME = "$(TARGET_NAME)";
				SWIFT_VERSION = 4.0;
				TARGETED_DEVICE_FAMILY = "1,2";
			};
			name = Release;
		};
/* End XCBuildConfiguration section */

/* Begin XCConfigurationList section */
		4498D4BF20AB0CCB00D2660E /* Build configuration list for PBXProject "VisionIntroduction" */ = {
			isa = XCConfigurationList;
			buildConfigurations = (
				4498D4D420AB0CCD00D2660E /* Debug */,
				4498D4D520AB0CCD00D2660E /* Release */,
			);
			defaultConfigurationIsVisible = 0;
			defaultConfigurationName = Release;
		};
		4498D4D620AB0CCD00D2660E /* Build configuration list for PBXNativeTarget "VisionIntroduction" */ = {
			isa = XCConfigurationList;
			buildConfigurations = (
				4498D4D720AB0CCD00D2660E /* Debug */,
				4498D4D820AB0CCD00D2660E /* Release */,
			);
			defaultConfigurationIsVisible = 0;
			defaultConfigurationName = Release;
		};
/* End XCConfigurationList section */
	};
	rootObject = 4498D4BC20AB0CCB00D2660E /* Project object */;
}
